
Microsoft Visual Studio Solution File, Format Version 12.00
# Visual Studio Version 16
VisualStudioVersion = 16.0.29806.167
MinimumVisualStudioVersion = 10.0.40219.1
Project("{FAE04EC0-301F-11D3-BF4B-00C04F79EFBC}") = "MVC_K8S", "MVC_K8S\MVC_K8S.csproj", "{EE92E4C8-777C-4ACE-BEA6-C3C235045D73}"
EndProject
Global
	GlobalSection(SolutionConfigurationPlatforms) = preSolution
		Debug|Any CPU = Debug|Any CPU
		Release|Any CPU = Release|Any CPU
	EndGlobalSection
	GlobalSection(ProjectConfigurationPlatforms) = postSolution
		{EE92E4C8-777C-4ACE-BEA6-C3C235045D73}.Debug|Any CPU.ActiveCfg = Debug|Any CPU
		{EE92E4C8-777C-4ACE-BEA6-C3C235045D73}.Debug|Any CPU.Build.0 = Debug|Any CPU
		{EE92E4C8-777C-4ACE-BEA6-C3C235045D73}.Release|Any CPU.ActiveCfg = Release|Any CPU
		{EE92E4C8-777C-4ACE-BEA6-C3C235045D73}.Release|Any CPU.Build.0 = Release|Any CPU
	EndGlobalSection
	GlobalSection(SolutionProperties) = preSolution
		HideSolutionNode = FALSE
	EndGlobalSection
	GlobalSection(ExtensibilityGlobals) = postSolution
		SolutionGuid = {F31B4DAD-7C19-4BCA-8C0A-4660ED5ADDA9}
	EndGlobalSection
EndGlobal
